
Microsoft Visual Studio Solution File, Format Version 12.00
# Visual Studio Version 17
VisualStudioVersion = 17.10.35122.118
MinimumVisualStudioVersion = 10.0.40219.1
Project("{9A19103F-16F7-4668-BE54-9A1E7A4F7556}") = "BookStoreAPI", "BookStoreAPI\BookStoreAPI.csproj", "{34401A71-ECE5-4DD4-A4AB-30C091580594}"
EndProject
Global
	GlobalSection(SolutionConfigurationPlatforms) = preSolution
		Debug|Any CPU = Debug|Any CPU
		Release|Any CPU = Release|Any CPU
	EndGlobalSection
	GlobalSection(ProjectConfigurationPlatforms) = postSolution
		{34401A71-ECE5-4DD4-A4AB-30C091580594}.Debug|Any CPU.ActiveCfg = Debug|Any CPU
		{34401A71-ECE5-4DD4-A4AB-30C091580594}.Debug|Any CPU.Build.0 = Debug|Any CPU
		{34401A71-ECE5-4DD4-A4AB-30C091580594}.Release|Any CPU.ActiveCfg = Release|Any CPU
		{34401A71-ECE5-4DD4-A4AB-30C091580594}.Release|Any CPU.Build.0 = Release|Any CPU
	EndGlobalSection
	GlobalSection(SolutionProperties) = preSolution
		HideSolutionNode = FALSE
	EndGlobalSection
	GlobalSection(ExtensibilityGlobals) = postSolution
		SolutionGuid = {1C8ADC48-B387-4093-AB36-86E101C987C1}
	EndGlobalSection
EndGlobal
